
Microsoft Visual Studio Solution File, Format Version 12.00
# Visual Studio 15
VisualStudioVersion = 15.0.27703.2026
MinimumVisualStudioVersion = 10.0.40219.1
Project("{888888A0-9F3D-457C-B088-3A5042F75D52}") = "PythonPredictionsMachineLearning", "PythonPredictionsMachineLearning\PythonPredictionsMachineLearning.pyproj", "{A46A4362-5A05-4E65-8DA7-FCAF8BAD20DF}"
EndProject
Global
	GlobalSection(SolutionConfigurationPlatforms) = preSolution
		Debug|Any CPU = Debug|Any CPU
		Release|Any CPU = Release|Any CPU
	EndGlobalSection
	GlobalSection(ProjectConfigurationPlatforms) = postSolution
		{A46A4362-5A05-4E65-8DA7-FCAF8BAD20DF}.Debug|Any CPU.ActiveCfg = Debug|Any CPU
		{A46A4362-5A05-4E65-8DA7-FCAF8BAD20DF}.Release|Any CPU.ActiveCfg = Release|Any CPU
	EndGlobalSection
	GlobalSection(SolutionProperties) = preSolution
		HideSolutionNode = FALSE
	EndGlobalSection
	GlobalSection(ExtensibilityGlobals) = postSolution
		SolutionGuid = {D91F9785-D20C-4088-B2BF-2ED6D16F3021}
	EndGlobalSection
EndGlobal
